
Microsoft Visual Studio Solution File, Format Version 12.00
# Visual Studio Version 17
VisualStudioVersion = 17.8.34316.72
MinimumVisualStudioVersion = 10.0.40219.1
Project("{9A19103F-16F7-4668-BE54-9A1E7A4F7556}") = "RFC.Example", "RFC.Example\RFC.Example.csproj", "{33A44AD0-874B-4228-82B4-32146702EB14}"
EndProject
Global
	GlobalSection(SolutionConfigurationPlatforms) = preSolution
		Debug|Any CPU = Debug|Any CPU
		Release|Any CPU = Release|Any CPU
	EndGlobalSection
	GlobalSection(ProjectConfigurationPlatforms) = postSolution
		{33A44AD0-874B-4228-82B4-32146702EB14}.Debug|Any CPU.ActiveCfg = Debug|Any CPU
		{33A44AD0-874B-4228-82B4-32146702EB14}.Debug|Any CPU.Build.0 = Debug|Any CPU
		{33A44AD0-874B-4228-82B4-32146702EB14}.Release|Any CPU.ActiveCfg = Release|Any CPU
		{33A44AD0-874B-4228-82B4-32146702EB14}.Release|Any CPU.Build.0 = Release|Any CPU
	EndGlobalSection
	GlobalSection(SolutionProperties) = preSolution
		HideSolutionNode = FALSE
	EndGlobalSection
	GlobalSection(ExtensibilityGlobals) = postSolution
		SolutionGuid = {267EEF7E-6D55-4B19-9948-48CE1E6A4459}
	EndGlobalSection
EndGlobal
